
Microsoft Visual Studio Solution File, Format Version 12.00
# Visual Studio Version 16
VisualStudioVersion = 16.0.36324.18
MinimumVisualStudioVersion = 10.0.40219.1
Project("{FAE04EC0-301F-11D3-BF4B-00C04F79EFBC}") = "SW1", "SW1\SW1.csproj", "{DFEAFAFB-A581-404A-8A4D-A65461AB5BF2}"
EndProject
Global
	GlobalSection(SolutionConfigurationPlatforms) = preSolution
		Debug|Any CPU = Debug|Any CPU
		Release|Any CPU = Release|Any CPU
	EndGlobalSection
	GlobalSection(ProjectConfigurationPlatforms) = postSolution
		{DFEAFAFB-A581-404A-8A4D-A65461AB5BF2}.Debug|Any CPU.ActiveCfg = Debug|Any CPU
		{DFEAFAFB-A581-404A-8A4D-A65461AB5BF2}.Debug|Any CPU.Build.0 = Debug|Any CPU
		{DFEAFAFB-A581-404A-8A4D-A65461AB5BF2}.Release|Any CPU.ActiveCfg = Release|Any CPU
		{DFEAFAFB-A581-404A-8A4D-A65461AB5BF2}.Release|Any CPU.Build.0 = Release|Any CPU
	EndGlobalSection
	GlobalSection(SolutionProperties) = preSolution
		HideSolutionNode = FALSE
	EndGlobalSection
	GlobalSection(ExtensibilityGlobals) = postSolution
		SolutionGuid = {12E64782-CF70-4561-95E3-3F31EFCA1EB1}
	EndGlobalSection
EndGlobal
